
Microsoft Visual Studio Solution File, Format Version 12.00
# Visual Studio Version 17
VisualStudioVersion = 17.11.35312.102
MinimumVisualStudioVersion = 10.0.40219.1
Project("{9A19103F-16F7-4668-BE54-9A1E7A4F7556}") = "TimeTracket.API", "TimeTracket.API\TimeTracket.API.csproj", "{D4728245-8DBE-4A94-814E-386DA51CA4A2}"
EndProject
Project("{FAE04EC0-301F-11D3-BF4B-00C04F79EFBC}") = "TimeTracker.Shared", "TimeTracker.Shared\TimeTracker.Shared.csproj", "{042CD0B9-40A4-41FB-8F23-1F1BDF327F2E}"
EndProject
Global
	GlobalSection(SolutionConfigurationPlatforms) = preSolution
		Debug|Any CPU = Debug|Any CPU
		Release|Any CPU = Release|Any CPU
	EndGlobalSection
	GlobalSection(ProjectConfigurationPlatforms) = postSolution
		{D4728245-8DBE-4A94-814E-386DA51CA4A2}.Debug|Any CPU.ActiveCfg = Debug|Any CPU
		{D4728245-8DBE-4A94-814E-386DA51CA4A2}.Debug|Any CPU.Build.0 = Debug|Any CPU
		{D4728245-8DBE-4A94-814E-386DA51CA4A2}.Release|Any CPU.ActiveCfg = Release|Any CPU
		{D4728245-8DBE-4A94-814E-386DA51CA4A2}.Release|Any CPU.Build.0 = Release|Any CPU
		{042CD0B9-40A4-41FB-8F23-1F1BDF327F2E}.Debug|Any CPU.ActiveCfg = Debug|Any CPU
		{042CD0B9-40A4-41FB-8F23-1F1BDF327F2E}.Debug|Any CPU.Build.0 = Debug|Any CPU
		{042CD0B9-40A4-41FB-8F23-1F1BDF327F2E}.Release|Any CPU.ActiveCfg = Release|Any CPU
		{042CD0B9-40A4-41FB-8F23-1F1BDF327F2E}.Release|Any CPU.Build.0 = Release|Any CPU
	EndGlobalSection
	GlobalSection(SolutionProperties) = preSolution
		HideSolutionNode = FALSE
	EndGlobalSection
	GlobalSection(ExtensibilityGlobals) = postSolution
		SolutionGuid = {31CBA3D5-2C73-4D4C-B24F-5CAA6B8C2FAF}
	EndGlobalSection
EndGlobal
